
Microsoft Visual Studio Solution File, Format Version 12.00
# Visual Studio 15
VisualStudioVersion = 15.0.27428.2027
MinimumVisualStudioVersion = 10.0.40219.1
Project("{8BC9CEB8-8B4A-11D0-8D11-00A0C91BC942}") = "Invader", "Invader.vcxproj", "{74EE2489-7708-4D6D-A665-9C90F6FF0122}"
EndProject
Global
	GlobalSection(SolutionConfigurationPlatforms) = preSolution
		Debug|x64 = Debug|x64
		Debug|x86 = Debug|x86
		Release|x64 = Release|x64
		Release|x86 = Release|x86
	EndGlobalSection
	GlobalSection(ProjectConfigurationPlatforms) = postSolution
		{74EE2489-7708-4D6D-A665-9C90F6FF0122}.Debug|x64.ActiveCfg = Debug|x64
		{74EE2489-7708-4D6D-A665-9C90F6FF0122}.Debug|x64.Build.0 = Debug|x64
		{74EE2489-7708-4D6D-A665-9C90F6FF0122}.Debug|x86.ActiveCfg = Debug|Win32
		{74EE2489-7708-4D6D-A665-9C90F6FF0122}.Debug|x86.Build.0 = Debug|Win32
		{74EE2489-7708-4D6D-A665-9C90F6FF0122}.Release|x64.ActiveCfg = Release|x64
		{74EE2489-7708-4D6D-A665-9C90F6FF0122}.Release|x64.Build.0 = Release|x64
		{74EE2489-7708-4D6D-A665-9C90F6FF0122}.Release|x86.ActiveCfg = Release|Win32
		{74EE2489-7708-4D6D-A665-9C90F6FF0122}.Release|x86.Build.0 = Release|Win32
	EndGlobalSection
	GlobalSection(SolutionProperties) = preSolution
		HideSolutionNode = FALSE
	EndGlobalSection
	GlobalSection(ExtensibilityGlobals) = postSolution
		SolutionGuid = {27E87352-D719-43BD-B37E-47A9EAF2C0CD}
	EndGlobalSection
EndGlobal
